
Microsoft Visual Studio Solution File, Format Version 12.00
# Visual Studio Version 17
VisualStudioVersion = 17.4.33205.214
MinimumVisualStudioVersion = 10.0.40219.1
Project("{9A19103F-16F7-4668-BE54-9A1E7A4F7556}") = "Desafio01", "Desafio01\Desafio01.csproj", "{29D4FC66-C252-43C9-A21B-8D5E00F3D0C6}"
EndProject
Project("{FAE04EC0-301F-11D3-BF4B-00C04F79EFBC}") = "ExemploCriptoDescripto", "ExemploCriptoDescripto\ExemploCriptoDescripto.csproj", "{5B4200EE-B263-4DAE-83A3-D88971D2FD0B}"
EndProject
Global
	GlobalSection(SolutionConfigurationPlatforms) = preSolution
		Debug|Any CPU = Debug|Any CPU
		Release|Any CPU = Release|Any CPU
	EndGlobalSection
	GlobalSection(ProjectConfigurationPlatforms) = postSolution
		{29D4FC66-C252-43C9-A21B-8D5E00F3D0C6}.Debug|Any CPU.ActiveCfg = Debug|Any CPU
		{29D4FC66-C252-43C9-A21B-8D5E00F3D0C6}.Debug|Any CPU.Build.0 = Debug|Any CPU
		{29D4FC66-C252-43C9-A21B-8D5E00F3D0C6}.Release|Any CPU.ActiveCfg = Release|Any CPU
		{29D4FC66-C252-43C9-A21B-8D5E00F3D0C6}.Release|Any CPU.Build.0 = Release|Any CPU
		{5B4200EE-B263-4DAE-83A3-D88971D2FD0B}.Debug|Any CPU.ActiveCfg = Debug|Any CPU
		{5B4200EE-B263-4DAE-83A3-D88971D2FD0B}.Debug|Any CPU.Build.0 = Debug|Any CPU
		{5B4200EE-B263-4DAE-83A3-D88971D2FD0B}.Release|Any CPU.ActiveCfg = Release|Any CPU
		{5B4200EE-B263-4DAE-83A3-D88971D2FD0B}.Release|Any CPU.Build.0 = Release|Any CPU
	EndGlobalSection
	GlobalSection(SolutionProperties) = preSolution
		HideSolutionNode = FALSE
	EndGlobalSection
	GlobalSection(ExtensibilityGlobals) = postSolution
		SolutionGuid = {E02716D6-4A41-403D-8938-7452124B39C9}
	EndGlobalSection
EndGlobal
